version: 1
workers:
  database:
    version: 0.2.6
    type: binary
    dependencies: {}
    source:
      kind: binary
      artifacts:
        aarch64-apple-darwin:
          url: https://github.com/iii-hq/workers/releases/download/database/v0.2.6/database-aarch64-apple-darwin.tar.gz
          sha256: ff5729b8124a18f8e0f0c95496375761e4eb3f40539b37dde3257eae48ad1888
        aarch64-pc-windows-msvc:
          url: https://github.com/iii-hq/workers/releases/download/database/v0.2.6/database-aarch64-pc-windows-msvc.zip
          sha256: 95ba792d3c1365ab2cb8b60a8dbe9c5338ca45b05cddd570371e731fe6415830
        aarch64-unknown-linux-gnu:
          url: https://github.com/iii-hq/workers/releases/download/database/v0.2.6/database-aarch64-unknown-linux-gnu.tar.gz
          sha256: 2f4b358136b766f2cf9e1c7bb514e671bc1f5f3b322452308e7c4b004e7d0625
        armv7-unknown-linux-gnueabihf:
          url: https://github.com/iii-hq/workers/releases/download/database/v0.2.6/database-armv7-unknown-linux-gnueabihf.tar.gz
          sha256: 642ae597502010ad9a47d8d8339d6d81072f1bb85a05a02126463bede70c5209
        i686-pc-windows-msvc:
          url: https://github.com/iii-hq/workers/releases/download/database/v0.2.6/database-i686-pc-windows-msvc.zip
          sha256: d4c32a3ca74860ebcd35979e619c82f9e4eccd57aebe519eca125dc3e57e78a2
        x86_64-apple-darwin:
          url: https://github.com/iii-hq/workers/releases/download/database/v0.2.6/database-x86_64-apple-darwin.tar.gz
          sha256: 31784af97552058f5e08a565a08606c431d932ea408a7aada499d968ff77e20b
        x86_64-pc-windows-msvc:
          url: https://github.com/iii-hq/workers/releases/download/database/v0.2.6/database-x86_64-pc-windows-msvc.zip
          sha256: cd3b5ce817a65767e2203cfa560731b75beebd02a7df88e7188586356b7131df
        x86_64-unknown-linux-gnu:
          url: https://github.com/iii-hq/workers/releases/download/database/v0.2.6/database-x86_64-unknown-linux-gnu.tar.gz
          sha256: 94ee04e7732bf3e1508c789db4af9bbd80fc43060cb4bb882b6763b376fdcbe8
        x86_64-unknown-linux-musl:
          url: https://github.com/iii-hq/workers/releases/download/database/v0.2.6/database-x86_64-unknown-linux-musl.tar.gz
          sha256: 3e0867dcdd47f9d3064eca7abd17cc323f1c0a60e7e73661b9f0607dc664ae95
  iii-http:
    version: 0.19.2
    type: engine
    dependencies: {}
  iii-pubsub:
    version: 0.19.2
    type: engine
    dependencies: {}
  iii-state:
    version: 0.19.2
    type: engine
    dependencies: {}
  iii-stream:
    version: 0.19.3
    type: engine
    dependencies: {}
  iii-worker-manager:
    version: 0.19.3
    type: engine
    dependencies: {}
